
Microsoft Visual Studio Solution File, Format Version 12.00
# Visual Studio 15
VisualStudioVersion = 15.0.27004.2002
MinimumVisualStudioVersion = 10.0.40219.1
Project("{FAE04EC0-301F-11D3-BF4B-00C04F79EFBC}") = "BlogTest", "BlogTest\BlogTest.csproj", "{53D02B46-5BC9-4B1E-BA47-A9DB4EB7E196}"
EndProject
Global
	GlobalSection(SolutionConfigurationPlatforms) = preSolution
		Debug|Any CPU = Debug|Any CPU
		Release|Any CPU = Release|Any CPU
	EndGlobalSection
	GlobalSection(ProjectConfigurationPlatforms) = postSolution
		{53D02B46-5BC9-4B1E-BA47-A9DB4EB7E196}.Debug|Any CPU.ActiveCfg = Debug|Any CPU
		{53D02B46-5BC9-4B1E-BA47-A9DB4EB7E196}.Debug|Any CPU.Build.0 = Debug|Any CPU
		{53D02B46-5BC9-4B1E-BA47-A9DB4EB7E196}.Release|Any CPU.ActiveCfg = Release|Any CPU
		{53D02B46-5BC9-4B1E-BA47-A9DB4EB7E196}.Release|Any CPU.Build.0 = Release|Any CPU
	EndGlobalSection
	GlobalSection(SolutionProperties) = preSolution
		HideSolutionNode = FALSE
	EndGlobalSection
	GlobalSection(ExtensibilityGlobals) = postSolution
		SolutionGuid = {64355DE1-98E5-4331-8095-E2DF9D21F4F8}
	EndGlobalSection
EndGlobal
